
Microsoft Visual Studio Solution File, Format Version 12.00
# Visual Studio Version 16
VisualStudioVersion = 16.0.30907.101
MinimumVisualStudioVersion = 10.0.40219.1
Project("{FAE04EC0-301F-11D3-BF4B-00C04F79EFBC}") = "TapestryNotifications", "TapestryNotifications.csproj", "{8A06824F-A5D1-45FD-A63D-8A881887ABBB}"
EndProject
Project("{9A19103F-16F7-4668-BE54-9A1E7A4F7556}") = "Prowl", "Prowl\Prowl.csproj", "{A3EC7EFD-BBD2-4E9C-8321-7CAE9F0759FF}"
EndProject
Global
	GlobalSection(SolutionConfigurationPlatforms) = preSolution
		Debug|Any CPU = Debug|Any CPU
		Release|Any CPU = Release|Any CPU
	EndGlobalSection
	GlobalSection(ProjectConfigurationPlatforms) = postSolution
		{8A06824F-A5D1-45FD-A63D-8A881887ABBB}.Debug|Any CPU.ActiveCfg = Debug|Any CPU
		{8A06824F-A5D1-45FD-A63D-8A881887ABBB}.Debug|Any CPU.Build.0 = Debug|Any CPU
		{8A06824F-A5D1-45FD-A63D-8A881887ABBB}.Release|Any CPU.ActiveCfg = Release|Any CPU
		{8A06824F-A5D1-45FD-A63D-8A881887ABBB}.Release|Any CPU.Build.0 = Release|Any CPU
		{A3EC7EFD-BBD2-4E9C-8321-7CAE9F0759FF}.Debug|Any CPU.ActiveCfg = Debug|Any CPU
		{A3EC7EFD-BBD2-4E9C-8321-7CAE9F0759FF}.Debug|Any CPU.Build.0 = Debug|Any CPU
		{A3EC7EFD-BBD2-4E9C-8321-7CAE9F0759FF}.Release|Any CPU.ActiveCfg = Release|Any CPU
		{A3EC7EFD-BBD2-4E9C-8321-7CAE9F0759FF}.Release|Any CPU.Build.0 = Release|Any CPU
	EndGlobalSection
	GlobalSection(SolutionProperties) = preSolution
		HideSolutionNode = FALSE
	EndGlobalSection
	GlobalSection(ExtensibilityGlobals) = postSolution
		SolutionGuid = {7B481603-3DF8-4391-A166-01E147BA8C03}
	EndGlobalSection
EndGlobal
